
Microsoft Visual Studio Solution File, Format Version 12.00
# Visual Studio Version 17
VisualStudioVersion = 17.1.32407.343
MinimumVisualStudioVersion = 10.0.40219.1
Project("{FAE04EC0-301F-11D3-BF4B-00C04F79EFBC}") = "out-of-the-maze", "out-of-the-maze\out-of-the-maze.csproj", "{F8A918AF-B0CE-47FC-9714-3B32ADAA9603}"
EndProject
Global
	GlobalSection(SolutionConfigurationPlatforms) = preSolution
		Debug|Any CPU = Debug|Any CPU
		Release|Any CPU = Release|Any CPU
	EndGlobalSection
	GlobalSection(ProjectConfigurationPlatforms) = postSolution
		{F8A918AF-B0CE-47FC-9714-3B32ADAA9603}.Debug|Any CPU.ActiveCfg = Debug|Any CPU
		{F8A918AF-B0CE-47FC-9714-3B32ADAA9603}.Debug|Any CPU.Build.0 = Debug|Any CPU
		{F8A918AF-B0CE-47FC-9714-3B32ADAA9603}.Release|Any CPU.ActiveCfg = Release|Any CPU
		{F8A918AF-B0CE-47FC-9714-3B32ADAA9603}.Release|Any CPU.Build.0 = Release|Any CPU
	EndGlobalSection
	GlobalSection(SolutionProperties) = preSolution
		HideSolutionNode = FALSE
	EndGlobalSection
	GlobalSection(ExtensibilityGlobals) = postSolution
		SolutionGuid = {38DF101C-D8FE-4063-812A-9548F33DE2B6}
	EndGlobalSection
EndGlobal
